
Microsoft Visual Studio Solution File, Format Version 12.00
# Visual Studio Version 17
VisualStudioVersion = 17.1.32407.343
MinimumVisualStudioVersion = 10.0.40219.1
Project("{2150E333-8FDC-42A3-9474-1A3956D46DE8}") = "Api", "Api", "{CE03974C-1239-4027-8511-5D8A8C4720B5}"
EndProject
Project("{2150E333-8FDC-42A3-9474-1A3956D46DE8}") = "Core", "Core", "{9F08BE4D-BFE9-496D-A5F1-ECBA91901ED4}"
EndProject
Project("{2150E333-8FDC-42A3-9474-1A3956D46DE8}") = "Infrastructure", "Infrastructure", "{67EC47FA-A8C5-4AAD-9E44-7F63CE757841}"
EndProject
Project("{2150E333-8FDC-42A3-9474-1A3956D46DE8}") = "Shared", "Shared", "{E78CEA74-1E86-42BB-AA4D-10DE916347FF}"
EndProject
Project("{2150E333-8FDC-42A3-9474-1A3956D46DE8}") = "Tests", "Tests", "{6E150FE2-EA25-4BAA-B89C-B8130C2B43C5}"
EndProject
Project("{9A19103F-16F7-4668-BE54-9A1E7A4F7556}") = "OtbasyBank.Api", "src\OtbasyBank.SelfHost\OtbasyBank.Api.csproj", "{331259FB-6EAB-4F3E-818E-B45AEA7E1795}"
EndProject
Project("{9A19103F-16F7-4668-BE54-9A1E7A4F7556}") = "OtbasyBank.Api.Models", "src\OtbasyBank.Api.Models\OtbasyBank.Api.Models.csproj", "{807A216F-C6AA-4828-87CD-03B9BBEB2F3C}"
EndProject
Project("{9A19103F-16F7-4668-BE54-9A1E7A4F7556}") = "OtbasyBank.Application", "src\OtbasyBank.Application\OtbasyBank.Application.csproj", "{56290CC6-5204-4473-A6C8-EB25FD26E52F}"
EndProject
Project("{9A19103F-16F7-4668-BE54-9A1E7A4F7556}") = "OtbasyBank.Domain", "src\OtbasyBank.Domain\OtbasyBank.Domain.csproj", "{3C908B4A-D318-4445-825A-FDC821E5F650}"
EndProject
Project("{9A19103F-16F7-4668-BE54-9A1E7A4F7556}") = "OtbasyBank.Infrastructure", "src\OtbasyBank.Infrastructure\OtbasyBank.Infrastructure.csproj", "{7CE5A838-696A-467C-848D-386ABF2B66ED}"
EndProject
Project("{9A19103F-16F7-4668-BE54-9A1E7A4F7556}") = "OtbasyBank.Shared", "src\OtbasyBank.Shared\OtbasyBank.Shared.csproj", "{1AD6BB39-3658-4D6D-B870-6EA111C3BC03}"
EndProject
Project("{9A19103F-16F7-4668-BE54-9A1E7A4F7556}") = "OtbasyBank.IntegrationTests", "tests\OtbasyBank.IntegrationTests\OtbasyBank.IntegrationTests.csproj", "{29BC04F4-DF1F-423A-A105-F994F0719E5E}"
EndProject
Project("{9A19103F-16F7-4668-BE54-9A1E7A4F7556}") = "OtbasyBank.UnitTests", "tests\OtbasyBank.UnitTests\OtbasyBank.UnitTests.csproj", "{F0AFE867-E846-4D97-AFF5-6051E8A15A61}"
EndProject
Global
	GlobalSection(SolutionConfigurationPlatforms) = preSolution
		Debug|Any CPU = Debug|Any CPU
		Debug|x64 = Debug|x64
		Debug|x86 = Debug|x86
		Release|Any CPU = Release|Any CPU
		Release|x64 = Release|x64
		Release|x86 = Release|x86
	EndGlobalSection
	GlobalSection(ProjectConfigurationPlatforms) = postSolution
		{331259FB-6EAB-4F3E-818E-B45AEA7E1795}.Debug|Any CPU.ActiveCfg = Debug|Any CPU
		{331259FB-6EAB-4F3E-818E-B45AEA7E1795}.Debug|Any CPU.Build.0 = Debug|Any CPU
		{331259FB-6EAB-4F3E-818E-B45AEA7E1795}.Debug|x64.ActiveCfg = Debug|x64
		{331259FB-6EAB-4F3E-818E-B45AEA7E1795}.Debug|x64.Build.0 = Debug|x64
		{331259FB-6EAB-4F3E-818E-B45AEA7E1795}.Debug|x86.ActiveCfg = Debug|x86
		{331259FB-6EAB-4F3E-818E-B45AEA7E1795}.Debug|x86.Build.0 = Debug|x86
		{331259FB-6EAB-4F3E-818E-B45AEA7E1795}.Release|Any CPU.ActiveCfg = Release|Any CPU
		{331259FB-6EAB-4F3E-818E-B45AEA7E1795}.Release|Any CPU.Build.0 = Release|Any CPU
		{331259FB-6EAB-4F3E-818E-B45AEA7E1795}.Release|x64.ActiveCfg = Release|x64
		{331259FB-6EAB-4F3E-818E-B45AEA7E1795}.Release|x64.Build.0 = Release|x64
		{331259FB-6EAB-4F3E-818E-B45AEA7E1795}.Release|x86.ActiveCfg = Release|x86
		{331259FB-6EAB-4F3E-818E-B45AEA7E1795}.Release|x86.Build.0 = Release|x86
		{807A216F-C6AA-4828-87CD-03B9BBEB2F3C}.Debug|Any CPU.ActiveCfg = Debug|Any CPU
		{807A216F-C6AA-4828-87CD-03B9BBEB2F3C}.Debug|Any CPU.Build.0 = Debug|Any CPU
		{807A216F-C6AA-4828-87CD-03B9BBEB2F3C}.Debug|x64.ActiveCfg = Debug|Any CPU
		{807A216F-C6AA-4828-87CD-03B9BBEB2F3C}.Debug|x64.Build.0 = Debug|Any CPU
		{807A216F-C6AA-4828-87CD-03B9BBEB2F3C}.Debug|x86.ActiveCfg = Debug|Any CPU
		{807A216F-C6AA-4828-87CD-03B9BBEB2F3C}.Debug|x86.Build.0 = Debug|Any CPU
		{807A216F-C6AA-4828-87CD-03B9BBEB2F3C}.Release|Any CPU.ActiveCfg = Release|Any CPU
		{807A216F-C6AA-4828-87CD-03B9BBEB2F3C}.Release|Any CPU.Build.0 = Release|Any CPU
		{807A216F-C6AA-4828-87CD-03B9BBEB2F3C}.Release|x64.ActiveCfg = Release|Any CPU
		{807A216F-C6AA-4828-87CD-03B9BBEB2F3C}.Release|x64.Build.0 = Release|Any CPU
		{807A216F-C6AA-4828-87CD-03B9BBEB2F3C}.Release|x86.ActiveCfg = Release|Any CPU
		{807A216F-C6AA-4828-87CD-03B9BBEB2F3C}.Release|x86.Build.0 = Release|Any CPU
		{56290CC6-5204-4473-A6C8-EB25FD26E52F}.Debug|Any CPU.ActiveCfg = Debug|Any CPU
		{56290CC6-5204-4473-A6C8-EB25FD26E52F}.Debug|Any CPU.Build.0 = Debug|Any CPU
		{56290CC6-5204-4473-A6C8-EB25FD26E52F}.Debug|x64.ActiveCfg = Debug|Any CPU
		{56290CC6-5204-4473-A6C8-EB25FD26E52F}.Debug|x64.Build.0 = Debug|Any CPU
		{56290CC6-5204-4473-A6C8-EB25FD26E52F}.Debug|x86.ActiveCfg = Debug|Any CPU
		{56290CC6-5204-4473-A6C8-EB25FD26E52F}.Debug|x86.Build.0 = Debug|Any CPU
		{56290CC6-5204-4473-A6C8-EB25FD26E52F}.Release|Any CPU.ActiveCfg = Release|Any CPU
		{56290CC6-5204-4473-A6C8-EB25FD26E52F}.Release|Any CPU.Build.0 = Release|Any CPU
		{56290CC6-5204-4473-A6C8-EB25FD26E52F}.Release|x64.ActiveCfg = Release|Any CPU
		{56290CC6-5204-4473-A6C8-EB25FD26E52F}.Release|x64.Build.0 = Release|Any CPU
		{56290CC6-5204-4473-A6C8-EB25FD26E52F}.Release|x86.ActiveCfg = Release|Any CPU
		{56290CC6-5204-4473-A6C8-EB25FD26E52F}.Release|x86.Build.0 = Release|Any CPU
		{3C908B4A-D318-4445-825A-FDC821E5F650}.Debug|Any CPU.ActiveCfg = Debug|Any CPU
		{3C908B4A-D318-4445-825A-FDC821E5F650}.Debug|Any CPU.Build.0 = Debug|Any CPU
		{3C908B4A-D318-4445-825A-FDC821E5F650}.Debug|x64.ActiveCfg = Debug|Any CPU
		{3C908B4A-D318-4445-825A-FDC821E5F650}.Debug|x64.Build.0 = Debug|Any CPU
		{3C908B4A-D318-4445-825A-FDC821E5F650}.Debug|x86.ActiveCfg = Debug|Any CPU
		{3C908B4A-D318-4445-825A-FDC821E5F650}.Debug|x86.Build.0 = Debug|Any CPU
		{3C908B4A-D318-4445-825A-FDC821E5F650}.Release|Any CPU.ActiveCfg = Release|Any CPU
		{3C908B4A-D318-4445-825A-FDC821E5F650}.Release|Any CPU.Build.0 = Release|Any CPU
		{3C908B4A-D318-4445-825A-FDC821E5F650}.Release|x64.ActiveCfg = Release|Any CPU
		{3C908B4A-D318-4445-825A-FDC821E5F650}.Release|x64.Build.0 = Release|Any CPU
		{3C908B4A-D318-4445-825A-FDC821E5F650}.Release|x86.ActiveCfg = Release|Any CPU
		{3C908B4A-D318-4445-825A-FDC821E5F650}.Release|x86.Build.0 = Release|Any CPU
		{7CE5A838-696A-467C-848D-386ABF2B66ED}.Debug|Any CPU.ActiveCfg = Debug|Any CPU
		{7CE5A838-696A-467C-848D-386ABF2B66ED}.Debug|Any CPU.Build.0 = Debug|Any CPU
		{7CE5A838-696A-467C-848D-386ABF2B66ED}.Debug|x64.ActiveCfg = Debug|Any CPU
		{7CE5A838-696A-467C-848D-386ABF2B66ED}.Debug|x64.Build.0 = Debug|Any CPU
		{7CE5A838-696A-467C-848D-386ABF2B66ED}.Debug|x86.ActiveCfg = Debug|Any CPU
		{7CE5A838-696A-467C-848D-386ABF2B66ED}.Debug|x86.Build.0 = Debug|Any CPU
		{7CE5A838-696A-467C-848D-386ABF2B66ED}.Release|Any CPU.ActiveCfg = Release|Any CPU
		{7CE5A838-696A-467C-848D-386ABF2B66ED}.Release|Any CPU.Build.0 = Release|Any CPU
		{7CE5A838-696A-467C-848D-386ABF2B66ED}.Release|x64.ActiveCfg = Release|Any CPU
		{7CE5A838-696A-467C-848D-386ABF2B66ED}.Release|x64.Build.0 = Release|Any CPU
		{7CE5A838-696A-467C-848D-386ABF2B66ED}.Release|x86.ActiveCfg = Release|Any CPU
		{7CE5A838-696A-467C-848D-386ABF2B66ED}.Release|x86.Build.0 = Release|Any CPU
		{1AD6BB39-3658-4D6D-B870-6EA111C3BC03}.Debug|Any CPU.ActiveCfg = Debug|Any CPU
		{1AD6BB39-3658-4D6D-B870-6EA111C3BC03}.Debug|Any CPU.Build.0 = Debug|Any CPU
		{1AD6BB39-3658-4D6D-B870-6EA111C3BC03}.Debug|x64.ActiveCfg = Debug|Any CPU
		{1AD6BB39-3658-4D6D-B870-6EA111C3BC03}.Debug|x64.Build.0 = Debug|Any CPU
		{1AD6BB39-3658-4D6D-B870-6EA111C3BC03}.Debug|x86.ActiveCfg = Debug|Any CPU
		{1AD6BB39-3658-4D6D-B870-6EA111C3BC03}.Debug|x86.Build.0 = Debug|Any CPU
		{1AD6BB39-3658-4D6D-B870-6EA111C3BC03}.Release|Any CPU.ActiveCfg = Release|Any CPU
		{1AD6BB39-3658-4D6D-B870-6EA111C3BC03}.Release|Any CPU.Build.0 = Release|Any CPU
		{1AD6BB39-3658-4D6D-B870-6EA111C3BC03}.Release|x64.ActiveCfg = Release|Any CPU
		{1AD6BB39-3658-4D6D-B870-6EA111C3BC03}.Release|x64.Build.0 = Release|Any CPU
		{1AD6BB39-3658-4D6D-B870-6EA111C3BC03}.Release|x86.ActiveCfg = Release|Any CPU
		{1AD6BB39-3658-4D6D-B870-6EA111C3BC03}.Release|x86.Build.0 = Release|Any CPU
		{29BC04F4-DF1F-423A-A105-F994F0719E5E}.Debug|Any CPU.ActiveCfg = Debug|Any CPU
		{29BC04F4-DF1F-423A-A105-F994F0719E5E}.Debug|Any CPU.Build.0 = Debug|Any CPU
		{29BC04F4-DF1F-423A-A105-F994F0719E5E}.Debug|x64.ActiveCfg = Debug|Any CPU
		{29BC04F4-DF1F-423A-A105-F994F0719E5E}.Debug|x64.Build.0 = Debug|Any CPU
		{29BC04F4-DF1F-423A-A105-F994F0719E5E}.Debug|x86.ActiveCfg = Debug|Any CPU
		{29BC04F4-DF1F-423A-A105-F994F0719E5E}.Debug|x86.Build.0 = Debug|Any CPU
		{29BC04F4-DF1F-423A-A105-F994F0719E5E}.Release|Any CPU.ActiveCfg = Release|Any CPU
		{29BC04F4-DF1F-423A-A105-F994F0719E5E}.Release|Any CPU.Build.0 = Release|Any CPU
		{29BC04F4-DF1F-423A-A105-F994F0719E5E}.Release|x64.ActiveCfg = Release|Any CPU
		{29BC04F4-DF1F-423A-A105-F994F0719E5E}.Release|x64.Build.0 = Release|Any CPU
		{29BC04F4-DF1F-423A-A105-F994F0719E5E}.Release|x86.ActiveCfg = Release|Any CPU
		{29BC04F4-DF1F-423A-A105-F994F0719E5E}.Release|x86.Build.0 = Release|Any CPU
		{F0AFE867-E846-4D97-AFF5-6051E8A15A61}.Debug|Any CPU.ActiveCfg = Debug|Any CPU
		{F0AFE867-E846-4D97-AFF5-6051E8A15A61}.Debug|Any CPU.Build.0 = Debug|Any CPU
		{F0AFE867-E846-4D97-AFF5-6051E8A15A61}.Debug|x64.ActiveCfg = Debug|Any CPU
		{F0AFE867-E846-4D97-AFF5-6051E8A15A61}.Debug|x64.Build.0 = Debug|Any CPU
		{F0AFE867-E846-4D97-AFF5-6051E8A15A61}.Debug|x86.ActiveCfg = Debug|Any CPU
		{F0AFE867-E846-4D97-AFF5-6051E8A15A61}.Debug|x86.Build.0 = Debug|Any CPU
		{F0AFE867-E846-4D97-AFF5-6051E8A15A61}.Release|Any CPU.ActiveCfg = Release|Any CPU
		{F0AFE867-E846-4D97-AFF5-6051E8A15A61}.Release|Any CPU.Build.0 = Release|Any CPU
		{F0AFE867-E846-4D97-AFF5-6051E8A15A61}.Release|x64.ActiveCfg = Release|Any CPU
		{F0AFE867-E846-4D97-AFF5-6051E8A15A61}.Release|x64.Build.0 = Release|Any CPU
		{F0AFE867-E846-4D97-AFF5-6051E8A15A61}.Release|x86.ActiveCfg = Release|Any CPU
		{F0AFE867-E846-4D97-AFF5-6051E8A15A61}.Release|x86.Build.0 = Release|Any CPU
	EndGlobalSection
	GlobalSection(SolutionProperties) = preSolution
		HideSolutionNode = FALSE
	EndGlobalSection
	GlobalSection(NestedProjects) = preSolution
		{331259FB-6EAB-4F3E-818E-B45AEA7E1795} = {CE03974C-1239-4027-8511-5D8A8C4720B5}
		{807A216F-C6AA-4828-87CD-03B9BBEB2F3C} = {CE03974C-1239-4027-8511-5D8A8C4720B5}
		{56290CC6-5204-4473-A6C8-EB25FD26E52F} = {9F08BE4D-BFE9-496D-A5F1-ECBA91901ED4}
		{3C908B4A-D318-4445-825A-FDC821E5F650} = {9F08BE4D-BFE9-496D-A5F1-ECBA91901ED4}
		{7CE5A838-696A-467C-848D-386ABF2B66ED} = {67EC47FA-A8C5-4AAD-9E44-7F63CE757841}
		{1AD6BB39-3658-4D6D-B870-6EA111C3BC03} = {E78CEA74-1E86-42BB-AA4D-10DE916347FF}
		{29BC04F4-DF1F-423A-A105-F994F0719E5E} = {6E150FE2-EA25-4BAA-B89C-B8130C2B43C5}
		{F0AFE867-E846-4D97-AFF5-6051E8A15A61} = {6E150FE2-EA25-4BAA-B89C-B8130C2B43C5}
	EndGlobalSection
	GlobalSection(ExtensibilityGlobals) = postSolution
		SolutionGuid = {3E501E69-9798-43A5-B7D7-7F7F76890351}
	EndGlobalSection
EndGlobal
